lockfileVersion: '6.0'

settings:
  autoInstallPeers: true
  excludeLinksFromLockfile: false

dependencies:
  '@radix-ui/react-label':
    specifier: ^2.0.2
    version: 2.0.2
  '@radix-ui/react-slot':
    specifier: ^1.0.2
    version: 1.0.2
  '@tauri-apps/api':
    specifier: ^2.0.1
    version: 2.0.1
  '@tauri-apps/plugin-dialog':
    specifier: ^2.0.1
    version: 2.0.1
  '@tauri-apps/plugin-shell':
    specifier: ^2.0.1
    version: 2.0.1
  class-variance-authority:
    specifier: ^0.7.1
    version: 0.7.1
  clsx:
    specifier: ^2.1.1
    version: 2.1.1
  lucide-react:
    specifier: ^0.294.0
    version: 0.294.0
  react:
    specifier: ^18.2.0
    version: 18.2.0
  react-dom:
    specifier: ^18.2.0
    version: 18.2.0
  react-router-dom:
    specifier: ^6.4.3
    version: 6.4.3
  tailwind-merge:
    specifier: ^2.5.5
    version: 2.5.5
  tailwindcss-animate:
    specifier: ^1.0.7
    version: 1.0.7